<?xml version="1.0" encoding="utf-8"?>
<Project ToolsVersion="4.0" xmlns="http://schemas.microsoft.com/developer/msbuild/2003">
  <ItemGroup>
    <Filter Include="Quelldateien">
      <UniqueIdentifier>{4FC737F1-C7A5-4376-A066-2A32D752A2FF}</UniqueIdentifier>
      <Extensions>cpp;c;cc;cxx;c++;cppm;ixx;def;odl;idl;hpj;bat;asm;asmx</Extensions>
    </Filter>
    <Filter Include="Headerdateien">
      <UniqueIdentifier>{93995380-89BD-4b04-88EB-625FBE52EBFB}</UniqueIdentifier>
      <Extensions>h;hh;hpp;hxx;h++;hm;inl;inc;ipp;xsd</Extensions>
    </Filter>
    <Filter Include="Ressourcendateien">
      <UniqueIdentifier>{67DA6AB6-F800-4c08-8B7A-83BB121AAD01}</UniqueIdentifier>
      <Extensions>rc;ico;cur;bmp;dlg;rc2;rct;bin;rgs;gif;jpg;jpeg;jpe;resx;tiff;tif;png;wav;mfcribbon-ms</Extensions>
    </Filter>
    <Filter Include="Shaders">
      <UniqueIdentifier>{12a29d29-2605-404a-a41e-19fe6f34d753}</UniqueIdentifier>
    </Filter>
  </ItemGroup>
  <ItemGroup>
    <ClCompile Include="Intel630Bug.cpp">
      <Filter>Quelldateien</Filter>
    </ClCompile>
    <ClCompile Include="Ui\Win32Application.cpp">
      <Filter>Quelldateien</Filter>
    </ClCompile>
    <ClCompile Include="FabricViewNative.cpp">
      <Filter>Quelldateien</Filter>
    </ClCompile>
    <ClCompile Include="DirectX12\Engine\GpuBuffer.cpp">
      <Filter>Quelldateien</Filter>
    </ClCompile>
    <ClCompile Include="DirectX12\Engine\GpuTimeManager.cpp">
      <Filter>Quelldateien</Filter>
    </ClCompile>
    <ClCompile Include="DirectX12\Engine\GraphicsCommon.cpp">
      <Filter>Quelldateien</Filter>
    </ClCompile>
    <ClCompile Include="DirectX12\Engine\GraphicsCore.cpp">
      <Filter>Quelldateien</Filter>
    </ClCompile>
    <ClCompile Include="DirectX12\Engine\LinearAllocator.cpp">
      <Filter>Quelldateien</Filter>
    </ClCompile>
    <ClCompile Include="DirectX12\Engine\pchDirectX.cpp">
      <Filter>Quelldateien</Filter>
    </ClCompile>
    <ClCompile Include="DirectX12\Engine\PipelineState.cpp">
      <Filter>Quelldateien</Filter>
    </ClCompile>
    <ClCompile Include="DirectX12\Engine\PixelBuffer.cpp">
      <Filter>Quelldateien</Filter>
    </ClCompile>
    <ClCompile Include="DirectX12\Engine\ReadbackBuffer.cpp">
      <Filter>Quelldateien</Filter>
    </ClCompile>
    <ClCompile Include="DirectX12\Engine\RootSignature.cpp">
      <Filter>Quelldateien</Filter>
    </ClCompile>
    <ClCompile Include="DirectX12\Engine\SamplerManager.cpp">
      <Filter>Quelldateien</Filter>
    </ClCompile>
    <ClCompile Include="DirectX12\Engine\ShadowBuffer.cpp">
      <Filter>Quelldateien</Filter>
    </ClCompile>
    <ClCompile Include="DirectX12\Engine\Utility.cpp">
      <Filter>Quelldateien</Filter>
    </ClCompile>
    <ClCompile Include="DirectX12\Engine\Color.cpp">
      <Filter>Quelldateien</Filter>
    </ClCompile>
    <ClCompile Include="DirectX12\Engine\ColorBuffer.cpp">
      <Filter>Quelldateien</Filter>
    </ClCompile>
    <ClCompile Include="DirectX12\Engine\CommandAllocatorPool.cpp">
      <Filter>Quelldateien</Filter>
    </ClCompile>
    <ClCompile Include="DirectX12\Engine\CommandContext.cpp">
      <Filter>Quelldateien</Filter>
    </ClCompile>
    <ClCompile Include="DirectX12\Engine\CommandListManager.cpp">
      <Filter>Quelldateien</Filter>
    </ClCompile>
    <ClCompile Include="DirectX12\Engine\CommandSignature.cpp">
      <Filter>Quelldateien</Filter>
    </ClCompile>
    <ClCompile Include="DirectX12\Engine\DepthBuffer.cpp">
      <Filter>Quelldateien</Filter>
    </ClCompile>
    <ClCompile Include="DirectX12\Engine\DescriptorHeap.cpp">
      <Filter>Quelldateien</Filter>
    </ClCompile>
    <ClCompile Include="DirectX12\Engine\DynamicDescriptorHeap.cpp">
      <Filter>Quelldateien</Filter>
    </ClCompile>
    <ClCompile Include="DirectX12\Display.cpp">
      <Filter>Quelldateien</Filter>
    </ClCompile>
    <ClCompile Include="Renderer\Trafos.cpp">
      <Filter>Quelldateien</Filter>
    </ClCompile>
    <ClCompile Include="Renderer\BezierByGraficRenderer.cpp">
      <Filter>Quelldateien</Filter>
    </ClCompile>
    <ClCompile Include="DirectX12\CompiledShaders\AllShaders.cpp">
      <Filter>Quelldateien</Filter>
    </ClCompile>
    <ClCompile Include="pch.cpp">
      <Filter>Quelldateien</Filter>
    </ClCompile>
  </ItemGroup>
  <ItemGroup>
    <FxCompile Include="DirectX12\Shaders\BezierByGrafic\DS.hlsl" />
    <FxCompile Include="DirectX12\Shaders\BezierByGrafic\GS.hlsl" />
    <FxCompile Include="DirectX12\Shaders\BezierByGrafic\HS.hlsl" />
    <FxCompile Include="DirectX12\Shaders\BezierByGrafic\PS.hlsl" />
    <FxCompile Include="DirectX12\Shaders\BezierByGrafic\VS.hlsl" />
  </ItemGroup>
  <ItemGroup>
    <None Include="DirectX12\Shaders\BezierByGrafic\Types.hlsli" />
    <None Include="DirectX12\Shaders\BezierByGrafic\Shared\PrimitiveData.hlsli" />
    <None Include="DirectX12\Shaders\ConstantBuffers.hlsli" />
    <None Include="DirectX12\Shaders\Constants.hlsli" />
    <None Include="DirectX12\Shaders\SharedBase.hlsli" />
    <None Include="DirectX12\Shaders\SharedConstantBuffer.hlsli" />
  </ItemGroup>
  <ItemGroup>
    <ClInclude Include="DirectX12\CompiledShaders\AllShaders.h">
      <Filter>Headerdateien</Filter>
    </ClInclude>
    <ClInclude Include="DirectX12\ConstantBuffer.h">
      <Filter>Headerdateien</Filter>
    </ClInclude>
    <ClInclude Include="DirectX12\Display.h">
      <Filter>Headerdateien</Filter>
    </ClInclude>
    <ClInclude Include="DirectX12\VertexBuffer.h">
      <Filter>Headerdateien</Filter>
    </ClInclude>
    <ClInclude Include="DirectX12\IPreparePipelineState.h">
      <Filter>Headerdateien</Filter>
    </ClInclude>
    <ClInclude Include="Renderer\BezierByGraficRenderer.h">
      <Filter>Headerdateien</Filter>
    </ClInclude>
    <ClInclude Include="Renderer\Trafos.h">
      <Filter>Headerdateien</Filter>
    </ClInclude>
    <ClInclude Include="FabricViewNative.h">
      <Filter>Headerdateien</Filter>
    </ClInclude>
    <ClInclude Include="pch.h">
      <Filter>Headerdateien</Filter>
    </ClInclude>
    <ClInclude Include="Ui\Win32Application.h">
      <Filter>Headerdateien</Filter>
    </ClInclude>
  </ItemGroup>
  <ItemGroup>
    <Natvis Include="NatvisFile.natvis" />
  </ItemGroup>
</Project>